
Microsoft Visual Studio Solution File, Format Version 12.00
# Visual Studio Version 16
VisualStudioVersion = 16.0.29025.244
MinimumVisualStudioVersion = 10.0.40219.1
Project("{FAE04EC0-301F-11D3-BF4B-00C04F79EFBC}") = "ManualMapper", "ManualMapper\ManualMapper.csproj", "{056C09A8-8C6A-49B3-9369-A77483BC48F3}"
EndProject
Project("{FAE04EC0-301F-11D3-BF4B-00C04F79EFBC}") = "ManualMapperTest", "ManualMapperTest\ManualMapperTest.csproj", "{4B5E1F09-F09B-46A8-93F6-0A4AF61AEA75}"
EndProject
Global
	GlobalSection(SolutionConfigurationPlatforms) = preSolution
		Debug|Any CPU = Debug|Any CPU
		Release|Any CPU = Release|Any CPU
	EndGlobalSection
	GlobalSection(ProjectConfigurationPlatforms) = postSolution
		{056C09A8-8C6A-49B3-9369-A77483BC48F3}.Debug|Any CPU.ActiveCfg = Debug|Any CPU
		{056C09A8-8C6A-49B3-9369-A77483BC48F3}.Debug|Any CPU.Build.0 = Debug|Any CPU
		{056C09A8-8C6A-49B3-9369-A77483BC48F3}.Release|Any CPU.ActiveCfg = Release|Any CPU
		{056C09A8-8C6A-49B3-9369-A77483BC48F3}.Release|Any CPU.Build.0 = Release|Any CPU
		{4B5E1F09-F09B-46A8-93F6-0A4AF61AEA75}.Debug|Any CPU.ActiveCfg = Debug|Any CPU
		{4B5E1F09-F09B-46A8-93F6-0A4AF61AEA75}.Debug|Any CPU.Build.0 = Debug|Any CPU
		{4B5E1F09-F09B-46A8-93F6-0A4AF61AEA75}.Release|Any CPU.ActiveCfg = Release|Any CPU
		{4B5E1F09-F09B-46A8-93F6-0A4AF61AEA75}.Release|Any CPU.Build.0 = Release|Any CPU
	EndGlobalSection
	GlobalSection(SolutionProperties) = preSolution
		HideSolutionNode = FALSE
	EndGlobalSection
	GlobalSection(ExtensibilityGlobals) = postSolution
		SolutionGuid = {FD1BCD37-0DFB-469E-9E1E-3F26309ACC26}
	EndGlobalSection
EndGlobal
